// !$*UTF8*$!
{
	archiveVersion = 1;
	classes = {
	};
	objectVersion = 56;
	objects = {

/* Begin PBXBuildFile section */
		680954BD293E4E8500A9CE31 /* OrderViewController.swift in Sources */ = {isa = PBXBuildFile; fileRef = 680954BC293E4E8500A9CE31 /* OrderViewController.swift */; };
		680954C2293E5AC800A9CE31 /* OrderTableViewCell.swift in Sources */ = {isa = PBXBuildFile; fileRef = 680954C0293E5AC800A9CE31 /* OrderTableViewCell.swift */; };
		680954C3293E5AC800A9CE31 /* OrderTableViewCell.xib in Resources */ = {isa = PBXBuildFile; fileRef = 680954C1293E5AC800A9CE31 /* OrderTableViewCell.xib */; };
		680954C8293E6AB600A9CE31 /* MenuModel.swift in Sources */ = {isa = PBXBuildFile; fileRef = 680954C7293E6AB600A9CE31 /* MenuModel.swift */; };
		680954CB293F783900A9CE31 /* OrderCollectionViewCell.swift in Sources */ = {isa = PBXBuildFile; fileRef = 680954C9293F783900A9CE31 /* OrderCollectionViewCell.swift */; };
		680954CC293F783900A9CE31 /* OrderCollectionViewCell.xib in Resources */ = {isa = PBXBuildFile; fileRef = 680954CA293F783900A9CE31 /* OrderCollectionViewCell.xib */; };
		680954D0293FB3D500A9CE31 /* SideMenuModel.swift in Sources */ = {isa = PBXBuildFile; fileRef = 680954CF293FB3D500A9CE31 /* SideMenuModel.swift */; };
		680954D2293FB87200A9CE31 /* OrderDetailViewController.swift in Sources */ = {isa = PBXBuildFile; fileRef = 680954D1293FB87200A9CE31 /* OrderDetailViewController.swift */; };
		680954D7293FBEAD00A9CE31 /* OrderDetailTableViewCell.swift in Sources */ = {isa = PBXBuildFile; fileRef = 680954D5293FBEAD00A9CE31 /* OrderDetailTableViewCell.swift */; };
		680954D8293FBEAD00A9CE31 /* OrderDetailTableViewCell.xib in Resources */ = {isa = PBXBuildFile; fileRef = 680954D6293FBEAD00A9CE31 /* OrderDetailTableViewCell.xib */; };
		682EA2E129352B940050A2EF /* DetailViewController.swift in Sources */ = {isa = PBXBuildFile; fileRef = 682EA2E029352B940050A2EF /* DetailViewController.swift */; };
		682EA2E32936012D0050A2EF /* CartViewController.swift in Sources */ = {isa = PBXBuildFile; fileRef = 682EA2E22936012D0050A2EF /* CartViewController.swift */; };
		682EA2E5293723A40050A2EF /* PopupViewController.swift in Sources */ = {isa = PBXBuildFile; fileRef = 682EA2E4293723A40050A2EF /* PopupViewController.swift */; };
		687526A7293307BC0001376D /* AppDelegate.swift in Sources */ = {isa = PBXBuildFile; fileRef = 687526A6293307BC0001376D /* AppDelegate.swift */; };
		687526A9293307BC0001376D /* SceneDelegate.swift in Sources */ = {isa = PBXBuildFile; fileRef = 687526A8293307BC0001376D /* SceneDelegate.swift */; };
		687526AB293307BC0001376D /* ViewController.swift in Sources */ = {isa = PBXBuildFile; fileRef = 687526AA293307BC0001376D /* ViewController.swift */; };
		687526AE293307BC0001376D /* Main.storyboard in Resources */ = {isa = PBXBuildFile; fileRef = 687526AC293307BC0001376D /* Main.storyboard */; };
		687526B0293307BD0001376D /* Assets.xcassets in Resources */ = {isa = PBXBuildFile; fileRef = 687526AF293307BD0001376D /* Assets.xcassets */; };
		687526B3293307BD0001376D /* LaunchScreen.storyboard in Resources */ = {isa = PBXBuildFile; fileRef = 687526B1293307BD0001376D /* LaunchScreen.storyboard */; };
		687526BB293329630001376D /* UITabBarViewController.swift in Sources */ = {isa = PBXBuildFile; fileRef = 687526BA293329630001376D /* UITabBarViewController.swift */; };
		68AC9728293394B700EBFCB4 /* CollectionViewCell.swift in Sources */ = {isa = PBXBuildFile; fileRef = 68AC9727293394B700EBFCB4 /* CollectionViewCell.swift */; };
		68C54DD92941178500E4BE7A /* MyNavigationViewController.swift in Sources */ = {isa = PBXBuildFile; fileRef = 68C54DD82941178500E4BE7A /* MyNavigationViewController.swift */; };
/* End PBXBuildFile section */

/* Begin PBXFileReference section */
		680954BC293E4E8500A9CE31 /* OrderViewController.swift */ = {isa = PBXFileReference; lastKnownFileType = sourcecode.swift; path = OrderViewController.swift; sourceTree = "<group>"; };
		680954C0293E5AC800A9CE31 /* OrderTableViewCell.swift */ = {isa = PBXFileReference; lastKnownFileType = sourcecode.swift; path = OrderTableViewCell.swift; sourceTree = "<group>"; };
		680954C1293E5AC800A9CE31 /* OrderTableViewCell.xib */ = {isa = PBXFileReference; lastKnownFileType = file.xib; path = OrderTableViewCell.xib; sourceTree = "<group>"; };
		680954C7293E6AB600A9CE31 /* MenuModel.swift */ = {isa = PBXFileReference; lastKnownFileType = sourcecode.swift; path = MenuModel.swift; sourceTree = "<group>"; };
		680954C9293F783900A9CE31 /* OrderCollectionViewCell.swift */ = {isa = PBXFileReference; lastKnownFileType = sourcecode.swift; path = OrderCollectionViewCell.swift; sourceTree = "<group>"; };
		680954CA293F783900A9CE31 /* OrderCollectionViewCell.xib */ = {isa = PBXFileReference; lastKnownFileType = file.xib; path = OrderCollectionViewCell.xib; sourceTree = "<group>"; };
		680954CF293FB3D500A9CE31 /* SideMenuModel.swift */ = {isa = PBXFileReference; lastKnownFileType = sourcecode.swift; path = SideMenuModel.swift; sourceTree = "<group>"; };
		680954D1293FB87200A9CE31 /* OrderDetailViewController.swift */ = {isa = PBXFileReference; lastKnownFileType = sourcecode.swift; path = OrderDetailViewController.swift; sourceTree = "<group>"; };
		680954D5293FBEAD00A9CE31 /* OrderDetailTableViewCell.swift */ = {isa = PBXFileReference; lastKnownFileType = sourcecode.swift; path = OrderDetailTableViewCell.swift; sourceTree = "<group>"; };
		680954D6293FBEAD00A9CE31 /* OrderDetailTableViewCell.xib */ = {isa = PBXFileReference; lastKnownFileType = file.xib; path = OrderDetailTableViewCell.xib; sourceTree = "<group>"; };
		682EA2E029352B940050A2EF /* DetailViewController.swift */ = {isa = PBXFileReference; lastKnownFileType = sourcecode.swift; path = DetailViewController.swift; sourceTree = "<group>"; };
		682EA2E22936012D0050A2EF /* CartViewController.swift */ = {isa = PBXFileReference; lastKnownFileType = sourcecode.swift; path = CartViewController.swift; sourceTree = "<group>"; };
		682EA2E4293723A40050A2EF /* PopupViewController.swift */ = {isa = PBXFileReference; lastKnownFileType = sourcecode.swift; path = PopupViewController.swift; sourceTree = "<group>"; };
		687526A3293307BC0001376D /* 02lifecycle.app */ = {isa = PBXFileReference; explicitFileType = wrapper.application; includeInIndex = 0; path = 02lifecycle.app; sourceTree = BUILT_PRODUCTS_DIR; };
		687526A6293307BC0001376D /* AppDelegate.swift */ = {isa = PBXFileReference; lastKnownFileType = sourcecode.swift; path = AppDelegate.swift; sourceTree = "<group>"; };
		687526A8293307BC0001376D /* SceneDelegate.swift */ = {isa = PBXFileReference; lastKnownFileType = sourcecode.swift; path = SceneDelegate.swift; sourceTree = "<group>"; };
		687526AA293307BC0001376D /* ViewController.swift */ = {isa = PBXFileReference; lastKnownFileType = sourcecode.swift; path = ViewController.swift; sourceTree = "<group>"; };
		687526AD293307BC0001376D /* Base */ = {isa = PBXFileReference; lastKnownFileType = file.storyboard; name = Base; path = Base.lproj/Main.storyboard; sourceTree = "<group>"; };
		687526AF293307BD0001376D /* Assets.xcassets */ = {isa = PBXFileReference; lastKnownFileType = folder.assetcatalog; path = Assets.xcassets; sourceTree = "<group>"; };
		687526B2293307BD0001376D /* Base */ = {isa = PBXFileReference; lastKnownFileType = file.storyboard; name = Base; path = Base.lproj/LaunchScreen.storyboard; sourceTree = "<group>"; };
		687526B4293307BD0001376D /* Info.plist */ = {isa = PBXFileReference; lastKnownFileType = text.plist.xml; path = Info.plist; sourceTree = "<group>"; };
		687526BA293329630001376D /* UITabBarViewController.swift */ = {isa = PBXFileReference; lastKnownFileType = sourcecode.swift; path = UITabBarViewController.swift; sourceTree = "<group>"; };
		68AC9727293394B700EBFCB4 /* CollectionViewCell.swift */ = {isa = PBXFileReference; lastKnownFileType = sourcecode.swift; path = CollectionViewCell.swift; sourceTree = "<group>"; };
		68C54DD82941178500E4BE7A /* MyNavigationViewController.swift */ = {isa = PBXFileReference; lastKnownFileType = sourcecode.swift; path = MyNavigationViewController.swift; sourceTree = "<group>"; };
/* End PBXFileReference section */

/* Begin PBXFrameworksBuildPhase section */
		687526A0293307BC0001376D /* Frameworks */ = {
			isa = PBXFrameworksBuildPhase;
			buildActionMask = 2147483647;
			files = (
			);
			runOnlyForDeploymentPostprocessing = 0;
		};
/* End PBXFrameworksBuildPhase section */

/* Begin PBXGroup section */
		680954BE293E59BB00A9CE31 /* Order */ = {
			isa = PBXGroup;
			children = (
				680954BF293E5A1700A9CE31 /* Cell */,
				680954BC293E4E8500A9CE31 /* OrderViewController.swift */,
				680954D1293FB87200A9CE31 /* OrderDetailViewController.swift */,
			);
			path = Order;
			sourceTree = "<group>";
		};
		680954BF293E5A1700A9CE31 /* Cell */ = {
			isa = PBXGroup;
			children = (
				680954C0293E5AC800A9CE31 /* OrderTableViewCell.swift */,
				680954C1293E5AC800A9CE31 /* OrderTableViewCell.xib */,
				680954C9293F783900A9CE31 /* OrderCollectionViewCell.swift */,
				680954CA293F783900A9CE31 /* OrderCollectionViewCell.xib */,
				680954D5293FBEAD00A9CE31 /* OrderDetailTableViewCell.swift */,
				680954D6293FBEAD00A9CE31 /* OrderDetailTableViewCell.xib */,
			);
			path = Cell;
			sourceTree = "<group>";
		};
		680954C4293E680A00A9CE31 /* Model */ = {
			isa = PBXGroup;
			children = (
				680954C7293E6AB600A9CE31 /* MenuModel.swift */,
				680954CF293FB3D500A9CE31 /* SideMenuModel.swift */,
			);
			path = Model;
			sourceTree = "<group>";
		};
		6875269A293307BC0001376D = {
			isa = PBXGroup;
			children = (
				687526A5293307BC0001376D /* 02lifecycle */,
				687526A4293307BC0001376D /* Products */,
			);
			sourceTree = "<group>";
		};
		687526A4293307BC0001376D /* Products */ = {
			isa = PBXGroup;
			children = (
				687526A3293307BC0001376D /* 02lifecycle.app */,
			);
			name = Products;
			sourceTree = "<group>";
		};
		687526A5293307BC0001376D /* 02lifecycle */ = {
			isa = PBXGroup;
			children = (
				680954C4293E680A00A9CE31 /* Model */,
				680954BE293E59BB00A9CE31 /* Order */,
				687526A6293307BC0001376D /* AppDelegate.swift */,
				687526A8293307BC0001376D /* SceneDelegate.swift */,
				687526AA293307BC0001376D /* ViewController.swift */,
				687526AC293307BC0001376D /* Main.storyboard */,
				687526AF293307BD0001376D /* Assets.xcassets */,
				687526B1293307BD0001376D /* LaunchScreen.storyboard */,
				687526B4293307BD0001376D /* Info.plist */,
				687526BA293329630001376D /* UITabBarViewController.swift */,
				68AC9727293394B700EBFCB4 /* CollectionViewCell.swift */,
				682EA2E029352B940050A2EF /* DetailViewController.swift */,
				682EA2E22936012D0050A2EF /* CartViewController.swift */,
				682EA2E4293723A40050A2EF /* PopupViewController.swift */,
				68C54DD82941178500E4BE7A /* MyNavigationViewController.swift */,
			);
			path = 02lifecycle;
			sourceTree = "<group>";
		};
/* End PBXGroup section */

/* Begin PBXNativeTarget section */
		687526A2293307BC0001376D /* 02lifecycle */ = {
			isa = PBXNativeTarget;
			buildConfigurationList = 687526B7293307BD0001376D /* Build configuration list for PBXNativeTarget "02lifecycle" */;
			buildPhases = (
				6875269F293307BC0001376D /* Sources */,
				687526A0293307BC0001376D /* Frameworks */,
				687526A1293307BC0001376D /* Resources */,
			);
			buildRules = (
			);
			dependencies = (
			);
			name = 02lifecycle;
			productName = 02lifecycle;
			productReference = 687526A3293307BC0001376D /* 02lifecycle.app */;
			productType = "com.apple.product-type.application";
		};
/* End PBXNativeTarget section */

/* Begin PBXProject section */
		6875269B293307BC0001376D /* Project object */ = {
			isa = PBXProject;
			attributes = {
				BuildIndependentTargetsInParallel = 1;
				LastSwiftUpdateCheck = 1410;
				LastUpgradeCheck = 1410;
				TargetAttributes = {
					687526A2293307BC0001376D = {
						CreatedOnToolsVersion = 14.1;
					};
				};
			};
			buildConfigurationList = 6875269E293307BC0001376D /* Build configuration list for PBXProject "02lifecycle" */;
			compatibilityVersion = "Xcode 14.0";
			developmentRegion = en;
			hasScannedForEncodings = 0;
			knownRegions = (
				en,
				Base,
			);
			mainGroup = 6875269A293307BC0001376D;
			productRefGroup = 687526A4293307BC0001376D /* Products */;
			projectDirPath = "";
			projectRoot = "";
			targets = (
				687526A2293307BC0001376D /* 02lifecycle */,
			);
		};
/* End PBXProject section */

/* Begin PBXResourcesBuildPhase section */
		687526A1293307BC0001376D /* Resources */ = {
			isa = PBXResourcesBuildPhase;
			buildActionMask = 2147483647;
			files = (
				687526B3293307BD0001376D /* LaunchScreen.storyboard in Resources */,
				687526B0293307BD0001376D /* Assets.xcassets in Resources */,
				680954C3293E5AC800A9CE31 /* OrderTableViewCell.xib in Resources */,
				687526AE293307BC0001376D /* Main.storyboard in Resources */,
				680954CC293F783900A9CE31 /* OrderCollectionViewCell.xib in Resources */,
				680954D8293FBEAD00A9CE31 /* OrderDetailTableViewCell.xib in Resources */,
			);
			runOnlyForDeploymentPostprocessing = 0;
		};
/* End PBXResourcesBuildPhase section */

/* Begin PBXSourcesBuildPhase section */
		6875269F293307BC0001376D /* Sources */ = {
			isa = PBXSourcesBuildPhase;
			buildActionMask = 2147483647;
			files = (
				68C54DD92941178500E4BE7A /* MyNavigationViewController.swift in Sources */,
				680954D2293FB87200A9CE31 /* OrderDetailViewController.swift in Sources */,
				68AC9728293394B700EBFCB4 /* CollectionViewCell.swift in Sources */,
				687526BB293329630001376D /* UITabBarViewController.swift in Sources */,
				682EA2E32936012D0050A2EF /* CartViewController.swift in Sources */,
				687526AB293307BC0001376D /* ViewController.swift in Sources */,
				682EA2E129352B940050A2EF /* DetailViewController.swift in Sources */,
				687526A7293307BC0001376D /* AppDelegate.swift in Sources */,
				680954C2293E5AC800A9CE31 /* OrderTableViewCell.swift in Sources */,
				680954CB293F783900A9CE31 /* OrderCollectionViewCell.swift in Sources */,
				680954C8293E6AB600A9CE31 /* MenuModel.swift in Sources */,
				687526A9293307BC0001376D /* SceneDelegate.swift in Sources */,
				680954D7293FBEAD00A9CE31 /* OrderDetailTableViewCell.swift in Sources */,
				682EA2E5293723A40050A2EF /* PopupViewController.swift in Sources */,
				680954BD293E4E8500A9CE31 /* OrderViewController.swift in Sources */,
				680954D0293FB3D500A9CE31 /* SideMenuModel.swift in Sources */,
			);
			runOnlyForDeploymentPostprocessing = 0;
		};
/* End PBXSourcesBuildPhase section */

/* Begin PBXVariantGroup section */
		687526AC293307BC0001376D /* Main.storyboard */ = {
			isa = PBXVariantGroup;
			children = (
				687526AD293307BC0001376D /* Base */,
			);
			name = Main.storyboard;
			sourceTree = "<group>";
		};
		687526B1293307BD0001376D /* LaunchScreen.storyboard */ = {
			isa = PBXVariantGroup;
			children = (
				687526B2293307BD0001376D /* Base */,
			);
			name = LaunchScreen.storyboard;
			sourceTree = "<group>";
		};
/* End PBXVariantGroup section */

/* Begin XCBuildConfiguration section */
		687526B5293307BD0001376D /* Debug */ = {
			isa = XCBuildConfiguration;
			buildSettings = {
				ALWAYS_SEARCH_USER_PATHS = NO;
				CLANG_ANALYZER_NONNULL = YES;
				CLANG_ANALYZER_NUMBER_OBJECT_CONVERSION = YES_AGGRESSIVE;
				CLANG_CXX_LANGUAGE_STANDARD = "gnu++20";
				CLANG_ENABLE_MODULES = YES;
				CLANG_ENABLE_OBJC_ARC = YES;
				CLANG_ENABLE_OBJC_WEAK = YES;
				CLANG_WARN_BLOCK_CAPTURE_AUTORELEASING = YES;
				CLANG_WARN_BOOL_CONVERSION = YES;
				CLANG_WARN_COMMA = YES;
				CLANG_WARN_CONSTANT_CONVERSION = YES;
				CLANG_WARN_DEPRECATED_OBJC_IMPLEMENTATIONS = YES;
				CLANG_WARN_DIRECT_OBJC_ISA_USAGE = YES_ERROR;
				CLANG_WARN_DOCUMENTATION_COMMENTS = YES;
				CLANG_WARN_EMPTY_BODY = YES;
				CLANG_WARN_ENUM_CONVERSION = YES;
				CLANG_WARN_INFINITE_RECURSION = YES;
				CLANG_WARN_INT_CONVERSION = YES;
				CLANG_WARN_NON_LITERAL_NULL_CONVERSION = YES;
				CLANG_WARN_OBJC_IMPLICIT_RETAIN_SELF = YES;
				CLANG_WARN_OBJC_LITERAL_CONVERSION = YES;
				CLANG_WARN_OBJC_ROOT_CLASS = YES_ERROR;
				CLANG_WARN_QUOTED_INCLUDE_IN_FRAMEWORK_HEADER = YES;
				CLANG_WARN_RANGE_LOOP_ANALYSIS = YES;
				CLANG_WARN_STRICT_PROTOTYPES = YES;
				CLANG_WARN_SUSPICIOUS_MOVE = YES;
				CLANG_WARN_UNGUARDED_AVAILABILITY = YES_AGGRESSIVE;
				CLANG_WARN_UNREACHABLE_CODE = YES;
				CLANG_WARN__DUPLICATE_METHOD_MATCH = YES;
				COPY_PHASE_STRIP = NO;
				DEBUG_INFORMATION_FORMAT = dwarf;
				ENABLE_STRICT_OBJC_MSGSEND = YES;
				ENABLE_TESTABILITY = YES;
				GCC_C_LANGUAGE_STANDARD = gnu11;
				GCC_DYNAMIC_NO_PIC = NO;
				GCC_NO_COMMON_BLOCKS = YES;
				GCC_OPTIMIZATION_LEVEL = 0;
				GCC_PREPROCESSOR_DEFINITIONS = (
					"DEBUG=1",
					"$(inherited)",
				);
				GCC_WARN_64_TO_32_BIT_CONVERSION = YES;
				GCC_WARN_ABOUT_RETURN_TYPE = YES_ERROR;
				GCC_WARN_UNDECLARED_SELECTOR = YES;
				GCC_WARN_UNINITIALIZED_AUTOS = YES_AGGRESSIVE;
				GCC_WARN_UNUSED_FUNCTION = YES;
				GCC_WARN_UNUSED_VARIABLE = YES;
				IPHONEOS_DEPLOYMENT_TARGET = 16.1;
				MTL_ENABLE_DEBUG_INFO = INCLUDE_SOURCE;
				MTL_FAST_MATH = YES;
				ONLY_ACTIVE_ARCH = YES;
				SDKROOT = iphoneos;
				SWIFT_ACTIVE_COMPILATION_CONDITIONS = DEBUG;
				SWIFT_OPTIMIZATION_LEVEL = "-Onone";
			};
			name = Debug;
		};
		687526B6293307BD0001376D /* Release */ = {
			isa = XCBuildConfiguration;
			buildSettings = {
				ALWAYS_SEARCH_USER_PATHS = NO;
				CLANG_ANALYZER_NONNULL = YES;
				CLANG_ANALYZER_NUMBER_OBJECT_CONVERSION = YES_AGGRESSIVE;
				CLANG_CXX_LANGUAGE_STANDARD = "gnu++20";
				CLANG_ENABLE_MODULES = YES;
				CLANG_ENABLE_OBJC_ARC = YES;
				CLANG_ENABLE_OBJC_WEAK = YES;
				CLANG_WARN_BLOCK_CAPTURE_AUTORELEASING = YES;
				CLANG_WARN_BOOL_CONVERSION = YES;
				CLANG_WARN_COMMA = YES;
				CLANG_WARN_CONSTANT_CONVERSION = YES;
				CLANG_WARN_DEPRECATED_OBJC_IMPLEMENTATIONS = YES;
				CLANG_WARN_DIRECT_OBJC_ISA_USAGE = YES_ERROR;
				CLANG_WARN_DOCUMENTATION_COMMENTS = YES;
				CLANG_WARN_EMPTY_BODY = YES;
				CLANG_WARN_ENUM_CONVERSION = YES;
				CLANG_WARN_INFINITE_RECURSION = YES;
				CLANG_WARN_INT_CONVERSION = YES;
				CLANG_WARN_NON_LITERAL_NULL_CONVERSION = YES;
				CLANG_WARN_OBJC_IMPLICIT_RETAIN_SELF = YES;
				CLANG_WARN_OBJC_LITERAL_CONVERSION = YES;
				CLANG_WARN_OBJC_ROOT_CLASS = YES_ERROR;
				CLANG_WARN_QUOTED_INCLUDE_IN_FRAMEWORK_HEADER = YES;
				CLANG_WARN_RANGE_LOOP_ANALYSIS = YES;
				CLANG_WARN_STRICT_PROTOTYPES = YES;
				CLANG_WARN_SUSPICIOUS_MOVE = YES;
				CLANG_WARN_UNGUARDED_AVAILABILITY = YES_AGGRESSIVE;
				CLANG_WARN_UNREACHABLE_CODE = YES;
				CLANG_WARN__DUPLICATE_METHOD_MATCH = YES;
				COPY_PHASE_STRIP = NO;
				DEBUG_INFORMATION_FORMAT = "dwarf-with-dsym";
				ENABLE_NS_ASSERTIONS = NO;
				ENABLE_STRICT_OBJC_MSGSEND = YES;
				GCC_C_LANGUAGE_STANDARD = gnu11;
				GCC_NO_COMMON_BLOCKS = YES;
				GCC_WARN_64_TO_32_BIT_CONVERSION = YES;
				GCC_WARN_ABOUT_RETURN_TYPE = YES_ERROR;
				GCC_WARN_UNDECLARED_SELECTOR = YES;
				GCC_WARN_UNINITIALIZED_AUTOS = YES_AGGRESSIVE;
				GCC_WARN_UNUSED_FUNCTION = YES;
				GCC_WARN_UNUSED_VARIABLE = YES;
				IPHONEOS_DEPLOYMENT_TARGET = 16.1;
				MTL_ENABLE_DEBUG_INFO = NO;
				MTL_FAST_MATH = YES;
				SDKROOT = iphoneos;
				SWIFT_COMPILATION_MODE = wholemodule;
				SWIFT_OPTIMIZATION_LEVEL = "-O";
				VALIDATE_PRODUCT = YES;
			};
			name = Release;
		};
		687526B8293307BD0001376D /* Debug */ = {
			isa = XCBuildConfiguration;
			buildSettings = {
				ASSETCATALOG_COMPILER_APPICON_NAME = AppIcon;
				ASSETCATALOG_COMPILER_GLOBAL_ACCENT_COLOR_NAME = AccentColor;
				CODE_SIGN_STYLE = Automatic;
				CURRENT_PROJECT_VERSION = 1;
				DEVELOPMENT_TEAM = Y226Z5N5CW;
				GENERATE_INFOPLIST_FILE = YES;
				INFOPLIST_FILE = 02lifecycle/Info.plist;
				INFOPLIST_KEY_UIApplicationSupportsIndirectInputEvents = YES;
				INFOPLIST_KEY_UILaunchStoryboardName = LaunchScreen;
				INFOPLIST_KEY_UIMainStoryboardFile = Main;
				INFOPLIST_KEY_UISupportedInterfaceOrientations_iPad = "UIInterfaceOrientationPortrait UIInterfaceOrientationPortraitUpsideDown UIInterfaceOrientationLandscapeLeft UIInterfaceOrientationLandscapeRight";
				INFOPLIST_KEY_UISupportedInterfaceOrientations_iPhone = "UIInterfaceOrientationPortrait UIInterfaceOrientationLandscapeLeft UIInterfaceOrientationLandscapeRight";
				LD_RUNPATH_SEARCH_PATHS = (
					"$(inherited)",
					"@executable_path/Frameworks",
				);
				MARKETING_VERSION = 1.0;
				PRODUCT_BUNDLE_IDENTIFIER = "com.yeah.study.-2lifecycle";
				PRODUCT_NAME = "$(TARGET_NAME)";
				SWIFT_EMIT_LOC_STRINGS = YES;
				SWIFT_VERSION = 5.0;
				TARGETED_DEVICE_FAMILY = "1,2";
			};
			name = Debug;
		};
		687526B9293307BD0001376D /* Release */ = {
			isa = XCBuildConfiguration;
			buildSettings = {
				ASSETCATALOG_COMPILER_APPICON_NAME = AppIcon;
				ASSETCATALOG_COMPILER_GLOBAL_ACCENT_COLOR_NAME = AccentColor;
				CODE_SIGN_STYLE = Automatic;
				CURRENT_PROJECT_VERSION = 1;
				DEVELOPMENT_TEAM = Y226Z5N5CW;
				GENERATE_INFOPLIST_FILE = YES;
				INFOPLIST_FILE = 02lifecycle/Info.plist;
				INFOPLIST_KEY_UIApplicationSupportsIndirectInputEvents = YES;
				INFOPLIST_KEY_UILaunchStoryboardName = LaunchScreen;
				INFOPLIST_KEY_UIMainStoryboardFile = Main;
				INFOPLIST_KEY_UISupportedInterfaceOrientations_iPad = "UIInterfaceOrientationPortrait UIInterfaceOrientationPortraitUpsideDown UIInterfaceOrientationLandscapeLeft UIInterfaceOrientationLandscapeRight";
				INFOPLIST_KEY_UISupportedInterfaceOrientations_iPhone = "UIInterfaceOrientationPortrait UIInterfaceOrientationLandscapeLeft UIInterfaceOrientationLandscapeRight";
				LD_RUNPATH_SEARCH_PATHS = (
					"$(inherited)",
					"@executable_path/Frameworks",
				);
				MARKETING_VERSION = 1.0;
				PRODUCT_BUNDLE_IDENTIFIER = "com.yeah.study.-2lifecycle";
				PRODUCT_NAME = "$(TARGET_NAME)";
				SWIFT_EMIT_LOC_STRINGS = YES;
				SWIFT_VERSION = 5.0;
				TARGETED_DEVICE_FAMILY = "1,2";
			};
			name = Release;
		};
/* End XCBuildConfiguration section */

/* Begin XCConfigurationList section */
		6875269E293307BC0001376D /* Build configuration list for PBXProject "02lifecycle" */ = {
			isa = XCConfigurationList;
			buildConfigurations = (
				687526B5293307BD0001376D /* Debug */,
				687526B6293307BD0001376D /* Release */,
			);
			defaultConfigurationIsVisible = 0;
			defaultConfigurationName = Release;
		};
		687526B7293307BD0001376D /* Build configuration list for PBXNativeTarget "02lifecycle" */ = {
			isa = XCConfigurationList;
			buildConfigurations = (
				687526B8293307BD0001376D /* Debug */,
				687526B9293307BD0001376D /* Release */,
			);
			defaultConfigurationIsVisible = 0;
			defaultConfigurationName = Release;
		};
/* End XCConfigurationList section */
	};
	rootObject = 6875269B293307BC0001376D /* Project object */;
}
