// !$*UTF8*$!
{
	archiveVersion = 1;
	classes = {
	};
	objectVersion = 56;
	objects = {

/* Begin PBXBuildFile section */
		687D875D2951B17F000EC86F /* AppDelegate.swift in Sources */ = {isa = PBXBuildFile; fileRef = 687D875C2951B17F000EC86F /* AppDelegate.swift */; };
		687D875F2951B17F000EC86F /* SceneDelegate.swift in Sources */ = {isa = PBXBuildFile; fileRef = 687D875E2951B17F000EC86F /* SceneDelegate.swift */; };
		687D87612951B17F000EC86F /* ViewController.swift in Sources */ = {isa = PBXBuildFile; fileRef = 687D87602951B17F000EC86F /* ViewController.swift */; };
		687D87642951B17F000EC86F /* Main.storyboard in Resources */ = {isa = PBXBuildFile; fileRef = 687D87622951B17F000EC86F /* Main.storyboard */; };
		687D87662951B181000EC86F /* Assets.xcassets in Resources */ = {isa = PBXBuildFile; fileRef = 687D87652951B181000EC86F /* Assets.xcassets */; };
		687D87692951B181000EC86F /* LaunchScreen.storyboard in Resources */ = {isa = PBXBuildFile; fileRef = 687D87672951B181000EC86F /* LaunchScreen.storyboard */; };
		687D8773295304CA000EC86F /* WeatherResponse.swift in Sources */ = {isa = PBXBuildFile; fileRef = 687D8772295304CA000EC86F /* WeatherResponse.swift */; };
		687D877529530615000EC86F /* Constants.swift in Sources */ = {isa = PBXBuildFile; fileRef = 687D877429530615000EC86F /* Constants.swift */; };
		687D877C29532149000EC86F /* Alamofire in Frameworks */ = {isa = PBXBuildFile; productRef = 687D877B29532149000EC86F /* Alamofire */; };
		687D877E29533BCE000EC86F /* XYconvert.swift in Sources */ = {isa = PBXBuildFile; fileRef = 687D877D29533BCE000EC86F /* XYconvert.swift */; };
		687D8783295350FE000EC86F /* WeatherRequest.swift in Sources */ = {isa = PBXBuildFile; fileRef = 687D8782295350FE000EC86F /* WeatherRequest.swift */; };
		687D87862954C41C000EC86F /* TemperCollectionViewCell.swift in Sources */ = {isa = PBXBuildFile; fileRef = 687D87852954C41C000EC86F /* TemperCollectionViewCell.swift */; };
		687D87892954FCF8000EC86F /* WeatherClothesModel.swift in Sources */ = {isa = PBXBuildFile; fileRef = 687D87882954FCF7000EC86F /* WeatherClothesModel.swift */; };
		687D878B295501E5000EC86F /* ClothesViewController.swift in Sources */ = {isa = PBXBuildFile; fileRef = 687D878A295501E5000EC86F /* ClothesViewController.swift */; };
		687D878D29550223000EC86F /* ClothesTableViewCell.swift in Sources */ = {isa = PBXBuildFile; fileRef = 687D878C29550223000EC86F /* ClothesTableViewCell.swift */; };
		687D878F29550829000EC86F /* TempInfoModel.swift in Sources */ = {isa = PBXBuildFile; fileRef = 687D878E29550829000EC86F /* TempInfoModel.swift */; };
		687D87912955261D000EC86F /* ImageTableViewCell.swift in Sources */ = {isa = PBXBuildFile; fileRef = 687D87902955261D000EC86F /* ImageTableViewCell.swift */; };
		687D87932955262F000EC86F /* ImageViewController.swift in Sources */ = {isa = PBXBuildFile; fileRef = 687D87922955262F000EC86F /* ImageViewController.swift */; };
		687D884129553535000EC86F /* map_pinup_custom@3x.png in Resources */ = {isa = PBXBuildFile; fileRef = 687D881C29553535000EC86F /* map_pinup_custom@3x.png */; };
		687D884229553535000EC86F /* map_pin_custom.png in Resources */ = {isa = PBXBuildFile; fileRef = 687D881D29553535000EC86F /* map_pin_custom.png */; };
		687D884329553535000EC86F /* shadow_balloon.png in Resources */ = {isa = PBXBuildFile; fileRef = 687D881E29553535000EC86F /* shadow_balloon.png */; };
		687D884429553535000EC86F /* map_pinup.png in Resources */ = {isa = PBXBuildFile; fileRef = 687D881F29553535000EC86F /* map_pinup.png */; };
		687D884529553535000EC86F /* detail_button.png in Resources */ = {isa = PBXBuildFile; fileRef = 687D882029553535000EC86F /* detail_button.png */; };
		687D884629553535000EC86F /* map_pin_custom@3x.png in Resources */ = {isa = PBXBuildFile; fileRef = 687D882129553535000EC86F /* map_pin_custom@3x.png */; };
		687D884729553535000EC86F /* map_pinup@3x.png in Resources */ = {isa = PBXBuildFile; fileRef = 687D882229553535000EC86F /* map_pinup@3x.png */; };
		687D884829553535000EC86F /* map_pin_shadow@3x.png in Resources */ = {isa = PBXBuildFile; fileRef = 687D882329553535000EC86F /* map_pin_shadow@3x.png */; };
		687D884929553535000EC86F /* copyright.png in Resources */ = {isa = PBXBuildFile; fileRef = 687D882429553535000EC86F /* copyright.png */; };
		687D884A29553535000EC86F /* th_line.png in Resources */ = {isa = PBXBuildFile; fileRef = 687D882529553535000EC86F /* th_line.png */; };
		687D884B29553535000EC86F /* map_pin_red@3x.png in Resources */ = {isa = PBXBuildFile; fileRef = 687D882629553535000EC86F /* map_pin_red@3x.png */; };
		687D884C29553535000EC86F /* daum_copyright.png in Resources */ = {isa = PBXBuildFile; fileRef = 687D882729553535000EC86F /* daum_copyright.png */; };
		687D884D29553535000EC86F /* map_pin@3x.png in Resources */ = {isa = PBXBuildFile; fileRef = 687D882829553535000EC86F /* map_pin@3x.png */; };
		687D884E29553535000EC86F /* map_present_tracking.png in Resources */ = {isa = PBXBuildFile; fileRef = 687D882929553535000EC86F /* map_present_tracking.png */; };
		687D884F29553535000EC86F /* map_pin_red.png in Resources */ = {isa = PBXBuildFile; fileRef = 687D882A29553535000EC86F /* map_pin_red.png */; };
		687D885029553535000EC86F /* info_box.png in Resources */ = {isa = PBXBuildFile; fileRef = 687D883429553535000EC86F /* info_box.png */; };
		687D885129553535000EC86F /* point_sprite.png in Resources */ = {isa = PBXBuildFile; fileRef = 687D883529553535000EC86F /* point_sprite.png */; };
		687D885229553535000EC86F /* map_pinup_custom.png in Resources */ = {isa = PBXBuildFile; fileRef = 687D883629553535000EC86F /* map_pinup_custom.png */; };
		687D885329553535000EC86F /* info_box_tail.png in Resources */ = {isa = PBXBuildFile; fileRef = 687D883729553535000EC86F /* info_box_tail.png */; };
		687D885429553535000EC86F /* noimage256.png in Resources */ = {isa = PBXBuildFile; fileRef = 687D883829553535000EC86F /* noimage256.png */; };
		687D885529553535000EC86F /* map_present_direction.png in Resources */ = {isa = PBXBuildFile; fileRef = 687D883929553535000EC86F /* map_present_direction.png */; };
		687D885629553535000EC86F /* map_pin.png in Resources */ = {isa = PBXBuildFile; fileRef = 687D883A29553535000EC86F /* map_pin.png */; };
		687D885729553535000EC86F /* map_present.png in Resources */ = {isa = PBXBuildFile; fileRef = 687D883B29553535000EC86F /* map_present.png */; };
		687D885829553535000EC86F /* noimage.png in Resources */ = {isa = PBXBuildFile; fileRef = 687D883C29553535000EC86F /* noimage.png */; };
		687D885929553535000EC86F /* map_present_background_update.png in Resources */ = {isa = PBXBuildFile; fileRef = 687D883D29553535000EC86F /* map_present_background_update.png */; };
		687D885A29553535000EC86F /* daum_th_line.png in Resources */ = {isa = PBXBuildFile; fileRef = 687D883E29553535000EC86F /* daum_th_line.png */; };
		687D885B29553535000EC86F /* map_pin_shadow.png in Resources */ = {isa = PBXBuildFile; fileRef = 687D883F29553535000EC86F /* map_pin_shadow.png */; };
		687D887129553704000EC86F /* MapViewController.swift in Sources */ = {isa = PBXBuildFile; fileRef = 687D887029553704000EC86F /* MapViewController.swift */; };
		687D887C2955405E000EC86F /* GeoRequest.swift in Sources */ = {isa = PBXBuildFile; fileRef = 687D887B2955405E000EC86F /* GeoRequest.swift */; };
		687D887E295540C2000EC86F /* GeoGetAddress.swift in Sources */ = {isa = PBXBuildFile; fileRef = 687D887D295540C2000EC86F /* GeoGetAddress.swift */; };
		688DDDA52955B02600B419CA /* searchResponse.swift in Sources */ = {isa = PBXBuildFile; fileRef = 688DDDA42955B02600B419CA /* searchResponse.swift */; };
		688DDDA72955BBE800B419CA /* MapTableViewCell.swift in Sources */ = {isa = PBXBuildFile; fileRef = 688DDDA62955BBE800B419CA /* MapTableViewCell.swift */; };
/* End PBXBuildFile section */

/* Begin PBXFileReference section */
		687D87592951B17F000EC86F /* 05API.app */ = {isa = PBXFileReference; explicitFileType = wrapper.application; includeInIndex = 0; path = 05API.app; sourceTree = BUILT_PRODUCTS_DIR; };
		687D875C2951B17F000EC86F /* AppDelegate.swift */ = {isa = PBXFileReference; lastKnownFileType = sourcecode.swift; path = AppDelegate.swift; sourceTree = "<group>"; };
		687D875E2951B17F000EC86F /* SceneDelegate.swift */ = {isa = PBXFileReference; lastKnownFileType = sourcecode.swift; path = SceneDelegate.swift; sourceTree = "<group>"; };
		687D87602951B17F000EC86F /* ViewController.swift */ = {isa = PBXFileReference; lastKnownFileType = sourcecode.swift; path = ViewController.swift; sourceTree = "<group>"; };
		687D87632951B17F000EC86F /* Base */ = {isa = PBXFileReference; lastKnownFileType = file.storyboard; name = Base; path = Base.lproj/Main.storyboard; sourceTree = "<group>"; };
		687D87652951B181000EC86F /* Assets.xcassets */ = {isa = PBXFileReference; lastKnownFileType = folder.assetcatalog; path = Assets.xcassets; sourceTree = "<group>"; };
		687D87682951B181000EC86F /* Base */ = {isa = PBXFileReference; lastKnownFileType = file.storyboard; name = Base; path = Base.lproj/LaunchScreen.storyboard; sourceTree = "<group>"; };
		687D876A2951B181000EC86F /* Info.plist */ = {isa = PBXFileReference; lastKnownFileType = text.plist.xml; path = Info.plist; sourceTree = "<group>"; };
		687D8772295304CA000EC86F /* WeatherResponse.swift */ = {isa = PBXFileReference; lastKnownFileType = sourcecode.swift; path = WeatherResponse.swift; sourceTree = "<group>"; };
		687D877429530615000EC86F /* Constants.swift */ = {isa = PBXFileReference; lastKnownFileType = sourcecode.swift; path = Constants.swift; sourceTree = "<group>"; };
		687D87772953191B000EC86F /* Alamofire-master */ = {isa = PBXFileReference; lastKnownFileType = wrapper; name = "Alamofire-master"; path = "../../../Downloads/Alamofire-master"; sourceTree = "<group>"; };
		687D877829531954000EC86F /* Alamofire-master */ = {isa = PBXFileReference; lastKnownFileType = wrapper; name = "Alamofire-master"; path = "../../../Downloads/Alamofire-master"; sourceTree = "<group>"; };
		687D877D29533BCE000EC86F /* XYconvert.swift */ = {isa = PBXFileReference; lastKnownFileType = sourcecode.swift; path = XYconvert.swift; sourceTree = "<group>"; };
		687D8782295350FE000EC86F /* WeatherRequest.swift */ = {isa = PBXFileReference; lastKnownFileType = sourcecode.swift; path = WeatherRequest.swift; sourceTree = "<group>"; };
		687D87852954C41C000EC86F /* TemperCollectionViewCell.swift */ = {isa = PBXFileReference; lastKnownFileType = sourcecode.swift; path = TemperCollectionViewCell.swift; sourceTree = "<group>"; };
		687D87882954FCF7000EC86F /* WeatherClothesModel.swift */ = {isa = PBXFileReference; lastKnownFileType = sourcecode.swift; path = WeatherClothesModel.swift; sourceTree = "<group>"; };
		687D878A295501E5000EC86F /* ClothesViewController.swift */ = {isa = PBXFileReference; lastKnownFileType = sourcecode.swift; path = ClothesViewController.swift; sourceTree = "<group>"; };
		687D878C29550223000EC86F /* ClothesTableViewCell.swift */ = {isa = PBXFileReference; lastKnownFileType = sourcecode.swift; path = ClothesTableViewCell.swift; sourceTree = "<group>"; };
		687D878E29550829000EC86F /* TempInfoModel.swift */ = {isa = PBXFileReference; lastKnownFileType = sourcecode.swift; path = TempInfoModel.swift; sourceTree = "<group>"; };
		687D87902955261D000EC86F /* ImageTableViewCell.swift */ = {isa = PBXFileReference; lastKnownFileType = sourcecode.swift; path = ImageTableViewCell.swift; sourceTree = "<group>"; };
		687D87922955262F000EC86F /* ImageViewController.swift */ = {isa = PBXFileReference; lastKnownFileType = sourcecode.swift; path = ImageViewController.swift; sourceTree = "<group>"; };
		687D881C29553535000EC86F /* map_pinup_custom@3x.png */ = {isa = PBXFileReference; lastKnownFileType = image.png; path = "map_pinup_custom@3x.png"; sourceTree = "<group>"; };
		687D881D29553535000EC86F /* map_pin_custom.png */ = {isa = PBXFileReference; lastKnownFileType = image.png; path = map_pin_custom.png; sourceTree = "<group>"; };
		687D881E29553535000EC86F /* shadow_balloon.png */ = {isa = PBXFileReference; lastKnownFileType = image.png; path = shadow_balloon.png; sourceTree = "<group>"; };
		687D881F29553535000EC86F /* map_pinup.png */ = {isa = PBXFileReference; lastKnownFileType = image.png; path = map_pinup.png; sourceTree = "<group>"; };
		687D882029553535000EC86F /* detail_button.png */ = {isa = PBXFileReference; lastKnownFileType = image.png; path = detail_button.png; sourceTree = "<group>"; };
		687D882129553535000EC86F /* map_pin_custom@3x.png */ = {isa = PBXFileReference; lastKnownFileType = image.png; path = "map_pin_custom@3x.png"; sourceTree = "<group>"; };
		687D882229553535000EC86F /* map_pinup@3x.png */ = {isa = PBXFileReference; lastKnownFileType = image.png; path = "map_pinup@3x.png"; sourceTree = "<group>"; };
		687D882329553535000EC86F /* map_pin_shadow@3x.png */ = {isa = PBXFileReference; lastKnownFileType = image.png; path = "map_pin_shadow@3x.png"; sourceTree = "<group>"; };
		687D882429553535000EC86F /* copyright.png */ = {isa = PBXFileReference; lastKnownFileType = image.png; path = copyright.png; sourceTree = "<group>"; };
		687D882529553535000EC86F /* th_line.png */ = {isa = PBXFileReference; lastKnownFileType = image.png; path = th_line.png; sourceTree = "<group>"; };
		687D882629553535000EC86F /* map_pin_red@3x.png */ = {isa = PBXFileReference; lastKnownFileType = image.png; path = "map_pin_red@3x.png"; sourceTree = "<group>"; };
		687D882729553535000EC86F /* daum_copyright.png */ = {isa = PBXFileReference; lastKnownFileType = image.png; path = daum_copyright.png; sourceTree = "<group>"; };
		687D882829553535000EC86F /* map_pin@3x.png */ = {isa = PBXFileReference; lastKnownFileType = image.png; path = "map_pin@3x.png"; sourceTree = "<group>"; };
		687D882929553535000EC86F /* map_present_tracking.png */ = {isa = PBXFileReference; lastKnownFileType = image.png; path = map_present_tracking.png; sourceTree = "<group>"; };
		687D882A29553535000EC86F /* map_pin_red.png */ = {isa = PBXFileReference; lastKnownFileType = image.png; path = map_pin_red.png; sourceTree = "<group>"; };
		687D882C29553535000EC86F /* MTMapPOIItem.h */ = {isa = PBXFileReference; fileEncoding = 4; lastKnownFileType = sourcecode.c.h; path = MTMapPOIItem.h; sourceTree = "<group>"; };
		687D882D29553535000EC86F /* MTMapCameraUpdate.h */ = {isa = PBXFileReference; fileEncoding = 4; lastKnownFileType = sourcecode.c.h; path = MTMapCameraUpdate.h; sourceTree = "<group>"; };
		687D882E29553535000EC86F /* MTMapReverseGeoCoder.h */ = {isa = PBXFileReference; fileEncoding = 4; lastKnownFileType = sourcecode.c.h; path = MTMapReverseGeoCoder.h; sourceTree = "<group>"; };
		687D882F29553535000EC86F /* MTMapPolyline.h */ = {isa = PBXFileReference; fileEncoding = 4; lastKnownFileType = sourcecode.c.h; path = MTMapPolyline.h; sourceTree = "<group>"; };
		687D883029553535000EC86F /* MTMapLocationMarkerItem.h */ = {isa = PBXFileReference; fileEncoding = 4; lastKnownFileType = sourcecode.c.h; path = MTMapLocationMarkerItem.h; sourceTree = "<group>"; };
		687D883129553535000EC86F /* MTMapView.h */ = {isa = PBXFileReference; fileEncoding = 4; lastKnownFileType = sourcecode.c.h; path = MTMapView.h; sourceTree = "<group>"; };
		687D883229553535000EC86F /* MTMapGeometry.h */ = {isa = PBXFileReference; fileEncoding = 4; lastKnownFileType = sourcecode.c.h; path = MTMapGeometry.h; sourceTree = "<group>"; };
		687D883329553535000EC86F /* MTMapCircle.h */ = {isa = PBXFileReference; fileEncoding = 4; lastKnownFileType = sourcecode.c.h; path = MTMapCircle.h; sourceTree = "<group>"; };
		687D883429553535000EC86F /* info_box.png */ = {isa = PBXFileReference; lastKnownFileType = image.png; path = info_box.png; sourceTree = "<group>"; };
		687D883529553535000EC86F /* point_sprite.png */ = {isa = PBXFileReference; lastKnownFileType = image.png; path = point_sprite.png; sourceTree = "<group>"; };
		687D883629553535000EC86F /* map_pinup_custom.png */ = {isa = PBXFileReference; lastKnownFileType = image.png; path = map_pinup_custom.png; sourceTree = "<group>"; };
		687D883729553535000EC86F /* info_box_tail.png */ = {isa = PBXFileReference; lastKnownFileType = image.png; path = info_box_tail.png; sourceTree = "<group>"; };
		687D883829553535000EC86F /* noimage256.png */ = {isa = PBXFileReference; lastKnownFileType = image.png; path = noimage256.png; sourceTree = "<group>"; };
		687D883929553535000EC86F /* map_present_direction.png */ = {isa = PBXFileReference; lastKnownFileType = image.png; path = map_present_direction.png; sourceTree = "<group>"; };
		687D883A29553535000EC86F /* map_pin.png */ = {isa = PBXFileReference; lastKnownFileType = image.png; path = map_pin.png; sourceTree = "<group>"; };
		687D883B29553535000EC86F /* map_present.png */ = {isa = PBXFileReference; lastKnownFileType = image.png; path = map_present.png; sourceTree = "<group>"; };
		687D883C29553535000EC86F /* noimage.png */ = {isa = PBXFileReference; lastKnownFileType = image.png; path = noimage.png; sourceTree = "<group>"; };
		687D883D29553535000EC86F /* map_present_background_update.png */ = {isa = PBXFileReference; lastKnownFileType = image.png; path = map_present_background_update.png; sourceTree = "<group>"; };
		687D883E29553535000EC86F /* daum_th_line.png */ = {isa = PBXFileReference; lastKnownFileType = image.png; path = daum_th_line.png; sourceTree = "<group>"; };
		687D883F29553535000EC86F /* map_pin_shadow.png */ = {isa = PBXFileReference; lastKnownFileType = image.png; path = map_pin_shadow.png; sourceTree = "<group>"; };
		687D884029553535000EC86F /* DaumMap.framework */ = {isa = PBXFileReference; lastKnownFileType = wrapper.framework; path = DaumMap.framework; sourceTree = "<group>"; };
		687D88622955364B000EC86F /* OpenGLES.framework */ = {isa = PBXFileReference; lastKnownFileType = wrapper.framework; name = OpenGLES.framework; path = System/Library/Frameworks/OpenGLES.framework; sourceTree = SDKROOT; };
		687D886429553655000EC86F /* SystemConfiguration.framework */ = {isa = PBXFileReference; lastKnownFileType = wrapper.framework; name = SystemConfiguration.framework; path = System/Library/Frameworks/SystemConfiguration.framework; sourceTree = SDKROOT; };
		687D886629553660000EC86F /* CoreLocation.framework */ = {isa = PBXFileReference; lastKnownFileType = wrapper.framework; name = CoreLocation.framework; path = System/Library/Frameworks/CoreLocation.framework; sourceTree = SDKROOT; };
		687D886829553669000EC86F /* QuartzCore.framework */ = {isa = PBXFileReference; lastKnownFileType = wrapper.framework; name = QuartzCore.framework; path = System/Library/Frameworks/QuartzCore.framework; sourceTree = SDKROOT; };
		687D886A29553675000EC86F /* libc++.tbd */ = {isa = PBXFileReference; lastKnownFileType = "sourcecode.text-based-dylib-definition"; name = "libc++.tbd"; path = "usr/lib/libc++.tbd"; sourceTree = SDKROOT; };
		687D886C2955367E000EC86F /* libxml2.tbd */ = {isa = PBXFileReference; lastKnownFileType = "sourcecode.text-based-dylib-definition"; name = libxml2.tbd; path = usr/lib/libxml2.tbd; sourceTree = SDKROOT; };
		687D886E29553689000EC86F /* libsqlite3.tbd */ = {isa = PBXFileReference; lastKnownFileType = "sourcecode.text-based-dylib-definition"; name = libsqlite3.tbd; path = usr/lib/libsqlite3.tbd; sourceTree = SDKROOT; };
		687D887029553704000EC86F /* MapViewController.swift */ = {isa = PBXFileReference; lastKnownFileType = sourcecode.swift; path = MapViewController.swift; sourceTree = "<group>"; };
		687D887B2955405E000EC86F /* GeoRequest.swift */ = {isa = PBXFileReference; lastKnownFileType = sourcecode.swift; path = GeoRequest.swift; sourceTree = "<group>"; };
		687D887D295540C2000EC86F /* GeoGetAddress.swift */ = {isa = PBXFileReference; lastKnownFileType = sourcecode.swift; path = GeoGetAddress.swift; sourceTree = "<group>"; };
		688DDDA42955B02600B419CA /* searchResponse.swift */ = {isa = PBXFileReference; lastKnownFileType = sourcecode.swift; path = searchResponse.swift; sourceTree = "<group>"; };
		688DDDA62955BBE800B419CA /* MapTableViewCell.swift */ = {isa = PBXFileReference; lastKnownFileType = sourcecode.swift; path = MapTableViewCell.swift; sourceTree = "<group>"; };
/* End PBXFileReference section */

/* Begin PBXFrameworksBuildPhase section */
		687D87562951B17F000EC86F /* Frameworks */ = {
			isa = PBXFrameworksBuildPhase;
			buildActionMask = 2147483647;
			files = (
				687D877C29532149000EC86F /* Alamofire in Frameworks */,
			);
			runOnlyForDeploymentPostprocessing = 0;
		};
/* End PBXFrameworksBuildPhase section */

/* Begin PBXGroup section */
		687D87502951B17F000EC86F = {
			isa = PBXGroup;
			children = (
				687D87762953191B000EC86F /* Packages */,
				687D875B2951B17F000EC86F /* 05API */,
				687D875A2951B17F000EC86F /* Products */,
				687D88612955364B000EC86F /* Frameworks */,
			);
			sourceTree = "<group>";
		};
		687D875A2951B17F000EC86F /* Products */ = {
			isa = PBXGroup;
			children = (
				687D87592951B17F000EC86F /* 05API.app */,
			);
			name = Products;
			sourceTree = "<group>";
		};
		687D875B2951B17F000EC86F /* 05API */ = {
			isa = PBXGroup;
			children = (
				687D881A29553535000EC86F /* DaumMap.embeddedframework */,
				687D87872954FCD8000EC86F /* Model */,
				687D87842954C3EB000EC86F /* Cell */,
				687D877F295350C0000EC86F /* API */,
				687D875C2951B17F000EC86F /* AppDelegate.swift */,
				687D875E2951B17F000EC86F /* SceneDelegate.swift */,
				687D87602951B17F000EC86F /* ViewController.swift */,
				687D87622951B17F000EC86F /* Main.storyboard */,
				687D87652951B181000EC86F /* Assets.xcassets */,
				687D87672951B181000EC86F /* LaunchScreen.storyboard */,
				687D876A2951B181000EC86F /* Info.plist */,
				687D877429530615000EC86F /* Constants.swift */,
				687D877D29533BCE000EC86F /* XYconvert.swift */,
				687D878A295501E5000EC86F /* ClothesViewController.swift */,
				687D87922955262F000EC86F /* ImageViewController.swift */,
				687D887029553704000EC86F /* MapViewController.swift */,
			);
			path = 05API;
			sourceTree = "<group>";
		};
		687D87762953191B000EC86F /* Packages */ = {
			isa = PBXGroup;
			children = (
				687D87772953191B000EC86F /* Alamofire-master */,
				687D877829531954000EC86F /* Alamofire-master */,
			);
			name = Packages;
			sourceTree = "<group>";
		};
		687D877F295350C0000EC86F /* API */ = {
			isa = PBXGroup;
			children = (
				687D8781295350CF000EC86F /* Response */,
				687D8780295350C6000EC86F /* Request */,
			);
			path = API;
			sourceTree = "<group>";
		};
		687D8780295350C6000EC86F /* Request */ = {
			isa = PBXGroup;
			children = (
				687D8782295350FE000EC86F /* WeatherRequest.swift */,
				687D887B2955405E000EC86F /* GeoRequest.swift */,
			);
			path = Request;
			sourceTree = "<group>";
		};
		687D8781295350CF000EC86F /* Response */ = {
			isa = PBXGroup;
			children = (
				687D8772295304CA000EC86F /* WeatherResponse.swift */,
				687D887D295540C2000EC86F /* GeoGetAddress.swift */,
				688DDDA42955B02600B419CA /* searchResponse.swift */,
			);
			path = Response;
			sourceTree = "<group>";
		};
		687D87842954C3EB000EC86F /* Cell */ = {
			isa = PBXGroup;
			children = (
				687D87852954C41C000EC86F /* TemperCollectionViewCell.swift */,
				687D878C29550223000EC86F /* ClothesTableViewCell.swift */,
				687D87902955261D000EC86F /* ImageTableViewCell.swift */,
				688DDDA62955BBE800B419CA /* MapTableViewCell.swift */,
			);
			path = Cell;
			sourceTree = "<group>";
		};
		687D87872954FCD8000EC86F /* Model */ = {
			isa = PBXGroup;
			children = (
				687D87882954FCF7000EC86F /* WeatherClothesModel.swift */,
				687D878E29550829000EC86F /* TempInfoModel.swift */,
			);
			path = Model;
			sourceTree = "<group>";
		};
		687D881A29553535000EC86F /* DaumMap.embeddedframework */ = {
			isa = PBXGroup;
			children = (
				687D881B29553535000EC86F /* Resources */,
				687D884029553535000EC86F /* DaumMap.framework */,
			);
			path = DaumMap.embeddedframework;
			sourceTree = "<group>";
		};
		687D881B29553535000EC86F /* Resources */ = {
			isa = PBXGroup;
			children = (
				687D881C29553535000EC86F /* map_pinup_custom@3x.png */,
				687D881D29553535000EC86F /* map_pin_custom.png */,
				687D881E29553535000EC86F /* shadow_balloon.png */,
				687D881F29553535000EC86F /* map_pinup.png */,
				687D882029553535000EC86F /* detail_button.png */,
				687D882129553535000EC86F /* map_pin_custom@3x.png */,
				687D882229553535000EC86F /* map_pinup@3x.png */,
				687D882329553535000EC86F /* map_pin_shadow@3x.png */,
				687D882429553535000EC86F /* copyright.png */,
				687D882529553535000EC86F /* th_line.png */,
				687D882629553535000EC86F /* map_pin_red@3x.png */,
				687D882729553535000EC86F /* daum_copyright.png */,
				687D882829553535000EC86F /* map_pin@3x.png */,
				687D882929553535000EC86F /* map_present_tracking.png */,
				687D882A29553535000EC86F /* map_pin_red.png */,
				687D882B29553535000EC86F /* Headers */,
				687D883429553535000EC86F /* info_box.png */,
				687D883529553535000EC86F /* point_sprite.png */,
				687D883629553535000EC86F /* map_pinup_custom.png */,
				687D883729553535000EC86F /* info_box_tail.png */,
				687D883829553535000EC86F /* noimage256.png */,
				687D883929553535000EC86F /* map_present_direction.png */,
				687D883A29553535000EC86F /* map_pin.png */,
				687D883B29553535000EC86F /* map_present.png */,
				687D883C29553535000EC86F /* noimage.png */,
				687D883D29553535000EC86F /* map_present_background_update.png */,
				687D883E29553535000EC86F /* daum_th_line.png */,
				687D883F29553535000EC86F /* map_pin_shadow.png */,
			);
			path = Resources;
			sourceTree = "<group>";
		};
		687D882B29553535000EC86F /* Headers */ = {
			isa = PBXGroup;
			children = (
				687D882C29553535000EC86F /* MTMapPOIItem.h */,
				687D882D29553535000EC86F /* MTMapCameraUpdate.h */,
				687D882E29553535000EC86F /* MTMapReverseGeoCoder.h */,
				687D882F29553535000EC86F /* MTMapPolyline.h */,
				687D883029553535000EC86F /* MTMapLocationMarkerItem.h */,
				687D883129553535000EC86F /* MTMapView.h */,
				687D883229553535000EC86F /* MTMapGeometry.h */,
				687D883329553535000EC86F /* MTMapCircle.h */,
			);
			path = Headers;
			sourceTree = "<group>";
		};
		687D88612955364B000EC86F /* Frameworks */ = {
			isa = PBXGroup;
			children = (
				687D886E29553689000EC86F /* libsqlite3.tbd */,
				687D886C2955367E000EC86F /* libxml2.tbd */,
				687D886A29553675000EC86F /* libc++.tbd */,
				687D886829553669000EC86F /* QuartzCore.framework */,
				687D886629553660000EC86F /* CoreLocation.framework */,
				687D886429553655000EC86F /* SystemConfiguration.framework */,
				687D88622955364B000EC86F /* OpenGLES.framework */,
			);
			name = Frameworks;
			sourceTree = "<group>";
		};
/* End PBXGroup section */

/* Begin PBXNativeTarget section */
		687D87582951B17F000EC86F /* 05API */ = {
			isa = PBXNativeTarget;
			buildConfigurationList = 687D876D2951B181000EC86F /* Build configuration list for PBXNativeTarget "05API" */;
			buildPhases = (
				687D87552951B17F000EC86F /* Sources */,
				687D87572951B17F000EC86F /* Resources */,
				687D87562951B17F000EC86F /* Frameworks */,
			);
			buildRules = (
			);
			dependencies = (
			);
			name = 05API;
			packageProductDependencies = (
				687D877B29532149000EC86F /* Alamofire */,
			);
			productName = 05API;
			productReference = 687D87592951B17F000EC86F /* 05API.app */;
			productType = "com.apple.product-type.application";
		};
/* End PBXNativeTarget section */

/* Begin PBXProject section */
		687D87512951B17F000EC86F /* Project object */ = {
			isa = PBXProject;
			attributes = {
				BuildIndependentTargetsInParallel = 1;
				LastSwiftUpdateCheck = 1420;
				LastUpgradeCheck = 1420;
				TargetAttributes = {
					687D87582951B17F000EC86F = {
						CreatedOnToolsVersion = 14.2;
					};
				};
			};
			buildConfigurationList = 687D87542951B17F000EC86F /* Build configuration list for PBXProject "05API" */;
			compatibilityVersion = "Xcode 14.0";
			developmentRegion = en;
			hasScannedForEncodings = 0;
			knownRegions = (
				en,
				Base,
			);
			mainGroup = 687D87502951B17F000EC86F;
			packageReferences = (
				687D877A29532149000EC86F /* XCRemoteSwiftPackageReference "Alamofire" */,
			);
			productRefGroup = 687D875A2951B17F000EC86F /* Products */;
			projectDirPath = "";
			projectRoot = "";
			targets = (
				687D87582951B17F000EC86F /* 05API */,
			);
		};
/* End PBXProject section */

/* Begin PBXResourcesBuildPhase section */
		687D87572951B17F000EC86F /* Resources */ = {
			isa = PBXResourcesBuildPhase;
			buildActionMask = 2147483647;
			files = (
				687D885729553535000EC86F /* map_present.png in Resources */,
				687D884D29553535000EC86F /* map_pin@3x.png in Resources */,
				687D884B29553535000EC86F /* map_pin_red@3x.png in Resources */,
				687D885629553535000EC86F /* map_pin.png in Resources */,
				687D884F29553535000EC86F /* map_pin_red.png in Resources */,
				687D884129553535000EC86F /* map_pinup_custom@3x.png in Resources */,
				687D884929553535000EC86F /* copyright.png in Resources */,
				687D884829553535000EC86F /* map_pin_shadow@3x.png in Resources */,
				687D87692951B181000EC86F /* LaunchScreen.storyboard in Resources */,
				687D884C29553535000EC86F /* daum_copyright.png in Resources */,
				687D885029553535000EC86F /* info_box.png in Resources */,
				687D884629553535000EC86F /* map_pin_custom@3x.png in Resources */,
				687D885B29553535000EC86F /* map_pin_shadow.png in Resources */,
				687D884E29553535000EC86F /* map_present_tracking.png in Resources */,
				687D884529553535000EC86F /* detail_button.png in Resources */,
				687D885829553535000EC86F /* noimage.png in Resources */,
				687D884A29553535000EC86F /* th_line.png in Resources */,
				687D885329553535000EC86F /* info_box_tail.png in Resources */,
				687D884229553535000EC86F /* map_pin_custom.png in Resources */,
				687D885229553535000EC86F /* map_pinup_custom.png in Resources */,
				687D884729553535000EC86F /* map_pinup@3x.png in Resources */,
				687D885129553535000EC86F /* point_sprite.png in Resources */,
				687D885929553535000EC86F /* map_present_background_update.png in Resources */,
				687D885529553535000EC86F /* map_present_direction.png in Resources */,
				687D885429553535000EC86F /* noimage256.png in Resources */,
				687D884329553535000EC86F /* shadow_balloon.png in Resources */,
				687D87662951B181000EC86F /* Assets.xcassets in Resources */,
				687D87642951B17F000EC86F /* Main.storyboard in Resources */,
				687D885A29553535000EC86F /* daum_th_line.png in Resources */,
				687D884429553535000EC86F /* map_pinup.png in Resources */,
			);
			runOnlyForDeploymentPostprocessing = 0;
		};
/* End PBXResourcesBuildPhase section */

/* Begin PBXSourcesBuildPhase section */
		687D87552951B17F000EC86F /* Sources */ = {
			isa = PBXSourcesBuildPhase;
			buildActionMask = 2147483647;
			files = (
				687D877529530615000EC86F /* Constants.swift in Sources */,
				687D87892954FCF8000EC86F /* WeatherClothesModel.swift in Sources */,
				687D87612951B17F000EC86F /* ViewController.swift in Sources */,
				687D875D2951B17F000EC86F /* AppDelegate.swift in Sources */,
				687D8773295304CA000EC86F /* WeatherResponse.swift in Sources */,
				687D878B295501E5000EC86F /* ClothesViewController.swift in Sources */,
				688DDDA72955BBE800B419CA /* MapTableViewCell.swift in Sources */,
				687D877E29533BCE000EC86F /* XYconvert.swift in Sources */,
				687D87862954C41C000EC86F /* TemperCollectionViewCell.swift in Sources */,
				687D87912955261D000EC86F /* ImageTableViewCell.swift in Sources */,
				687D887E295540C2000EC86F /* GeoGetAddress.swift in Sources */,
				688DDDA52955B02600B419CA /* searchResponse.swift in Sources */,
				687D8783295350FE000EC86F /* WeatherRequest.swift in Sources */,
				687D87932955262F000EC86F /* ImageViewController.swift in Sources */,
				687D878F29550829000EC86F /* TempInfoModel.swift in Sources */,
				687D878D29550223000EC86F /* ClothesTableViewCell.swift in Sources */,
				687D887129553704000EC86F /* MapViewController.swift in Sources */,
				687D875F2951B17F000EC86F /* SceneDelegate.swift in Sources */,
				687D887C2955405E000EC86F /* GeoRequest.swift in Sources */,
			);
			runOnlyForDeploymentPostprocessing = 0;
		};
/* End PBXSourcesBuildPhase section */

/* Begin PBXVariantGroup section */
		687D87622951B17F000EC86F /* Main.storyboard */ = {
			isa = PBXVariantGroup;
			children = (
				687D87632951B17F000EC86F /* Base */,
			);
			name = Main.storyboard;
			sourceTree = "<group>";
		};
		687D87672951B181000EC86F /* LaunchScreen.storyboard */ = {
			isa = PBXVariantGroup;
			children = (
				687D87682951B181000EC86F /* Base */,
			);
			name = LaunchScreen.storyboard;
			sourceTree = "<group>";
		};
/* End PBXVariantGroup section */

/* Begin XCBuildConfiguration section */
		687D876B2951B181000EC86F /* Debug */ = {
			isa = XCBuildConfiguration;
			buildSettings = {
				ALWAYS_SEARCH_USER_PATHS = NO;
				CLANG_ANALYZER_NONNULL = YES;
				CLANG_ANALYZER_NUMBER_OBJECT_CONVERSION = YES_AGGRESSIVE;
				CLANG_CXX_LANGUAGE_STANDARD = "gnu++20";
				CLANG_ENABLE_MODULES = YES;
				CLANG_ENABLE_OBJC_ARC = YES;
				CLANG_ENABLE_OBJC_WEAK = YES;
				CLANG_WARN_BLOCK_CAPTURE_AUTORELEASING = YES;
				CLANG_WARN_BOOL_CONVERSION = YES;
				CLANG_WARN_COMMA = YES;
				CLANG_WARN_CONSTANT_CONVERSION = YES;
				CLANG_WARN_DEPRECATED_OBJC_IMPLEMENTATIONS = YES;
				CLANG_WARN_DIRECT_OBJC_ISA_USAGE = YES_ERROR;
				CLANG_WARN_DOCUMENTATION_COMMENTS = YES;
				CLANG_WARN_EMPTY_BODY = YES;
				CLANG_WARN_ENUM_CONVERSION = YES;
				CLANG_WARN_INFINITE_RECURSION = YES;
				CLANG_WARN_INT_CONVERSION = YES;
				CLANG_WARN_NON_LITERAL_NULL_CONVERSION = YES;
				CLANG_WARN_OBJC_IMPLICIT_RETAIN_SELF = YES;
				CLANG_WARN_OBJC_LITERAL_CONVERSION = YES;
				CLANG_WARN_OBJC_ROOT_CLASS = YES_ERROR;
				CLANG_WARN_QUOTED_INCLUDE_IN_FRAMEWORK_HEADER = YES;
				CLANG_WARN_RANGE_LOOP_ANALYSIS = YES;
				CLANG_WARN_STRICT_PROTOTYPES = YES;
				CLANG_WARN_SUSPICIOUS_MOVE = YES;
				CLANG_WARN_UNGUARDED_AVAILABILITY = YES_AGGRESSIVE;
				CLANG_WARN_UNREACHABLE_CODE = YES;
				CLANG_WARN__DUPLICATE_METHOD_MATCH = YES;
				COPY_PHASE_STRIP = NO;
				DEBUG_INFORMATION_FORMAT = dwarf;
				ENABLE_STRICT_OBJC_MSGSEND = YES;
				ENABLE_TESTABILITY = YES;
				GCC_C_LANGUAGE_STANDARD = gnu11;
				GCC_DYNAMIC_NO_PIC = NO;
				GCC_NO_COMMON_BLOCKS = YES;
				GCC_OPTIMIZATION_LEVEL = 0;
				GCC_PREPROCESSOR_DEFINITIONS = (
					"DEBUG=1",
					"$(inherited)",
				);
				GCC_WARN_64_TO_32_BIT_CONVERSION = YES;
				GCC_WARN_ABOUT_RETURN_TYPE = YES_ERROR;
				GCC_WARN_UNDECLARED_SELECTOR = YES;
				GCC_WARN_UNINITIALIZED_AUTOS = YES_AGGRESSIVE;
				GCC_WARN_UNUSED_FUNCTION = YES;
				GCC_WARN_UNUSED_VARIABLE = YES;
				IPHONEOS_DEPLOYMENT_TARGET = 16.2;
				MTL_ENABLE_DEBUG_INFO = INCLUDE_SOURCE;
				MTL_FAST_MATH = YES;
				ONLY_ACTIVE_ARCH = YES;
				SDKROOT = iphoneos;
				SWIFT_ACTIVE_COMPILATION_CONDITIONS = DEBUG;
				SWIFT_OPTIMIZATION_LEVEL = "-Onone";
			};
			name = Debug;
		};
		687D876C2951B181000EC86F /* Release */ = {
			isa = XCBuildConfiguration;
			buildSettings = {
				ALWAYS_SEARCH_USER_PATHS = NO;
				CLANG_ANALYZER_NONNULL = YES;
				CLANG_ANALYZER_NUMBER_OBJECT_CONVERSION = YES_AGGRESSIVE;
				CLANG_CXX_LANGUAGE_STANDARD = "gnu++20";
				CLANG_ENABLE_MODULES = YES;
				CLANG_ENABLE_OBJC_ARC = YES;
				CLANG_ENABLE_OBJC_WEAK = YES;
				CLANG_WARN_BLOCK_CAPTURE_AUTORELEASING = YES;
				CLANG_WARN_BOOL_CONVERSION = YES;
				CLANG_WARN_COMMA = YES;
				CLANG_WARN_CONSTANT_CONVERSION = YES;
				CLANG_WARN_DEPRECATED_OBJC_IMPLEMENTATIONS = YES;
				CLANG_WARN_DIRECT_OBJC_ISA_USAGE = YES_ERROR;
				CLANG_WARN_DOCUMENTATION_COMMENTS = YES;
				CLANG_WARN_EMPTY_BODY = YES;
				CLANG_WARN_ENUM_CONVERSION = YES;
				CLANG_WARN_INFINITE_RECURSION = YES;
				CLANG_WARN_INT_CONVERSION = YES;
				CLANG_WARN_NON_LITERAL_NULL_CONVERSION = YES;
				CLANG_WARN_OBJC_IMPLICIT_RETAIN_SELF = YES;
				CLANG_WARN_OBJC_LITERAL_CONVERSION = YES;
				CLANG_WARN_OBJC_ROOT_CLASS = YES_ERROR;
				CLANG_WARN_QUOTED_INCLUDE_IN_FRAMEWORK_HEADER = YES;
				CLANG_WARN_RANGE_LOOP_ANALYSIS = YES;
				CLANG_WARN_STRICT_PROTOTYPES = YES;
				CLANG_WARN_SUSPICIOUS_MOVE = YES;
				CLANG_WARN_UNGUARDED_AVAILABILITY = YES_AGGRESSIVE;
				CLANG_WARN_UNREACHABLE_CODE = YES;
				CLANG_WARN__DUPLICATE_METHOD_MATCH = YES;
				COPY_PHASE_STRIP = NO;
				DEBUG_INFORMATION_FORMAT = "dwarf-with-dsym";
				ENABLE_NS_ASSERTIONS = NO;
				ENABLE_STRICT_OBJC_MSGSEND = YES;
				GCC_C_LANGUAGE_STANDARD = gnu11;
				GCC_NO_COMMON_BLOCKS = YES;
				GCC_WARN_64_TO_32_BIT_CONVERSION = YES;
				GCC_WARN_ABOUT_RETURN_TYPE = YES_ERROR;
				GCC_WARN_UNDECLARED_SELECTOR = YES;
				GCC_WARN_UNINITIALIZED_AUTOS = YES_AGGRESSIVE;
				GCC_WARN_UNUSED_FUNCTION = YES;
				GCC_WARN_UNUSED_VARIABLE = YES;
				IPHONEOS_DEPLOYMENT_TARGET = 16.2;
				MTL_ENABLE_DEBUG_INFO = NO;
				MTL_FAST_MATH = YES;
				SDKROOT = iphoneos;
				SWIFT_COMPILATION_MODE = wholemodule;
				SWIFT_OPTIMIZATION_LEVEL = "-O";
				VALIDATE_PRODUCT = YES;
			};
			name = Release;
		};
		687D876E2951B181000EC86F /* Debug */ = {
			isa = XCBuildConfiguration;
			buildSettings = {
				ASSETCATALOG_COMPILER_APPICON_NAME = AppIcon;
				ASSETCATALOG_COMPILER_GLOBAL_ACCENT_COLOR_NAME = AccentColor;
				CODE_SIGN_STYLE = Automatic;
				CURRENT_PROJECT_VERSION = 1;
				DEVELOPMENT_TEAM = Y226Z5N5CW;
				FRAMEWORK_SEARCH_PATHS = (
					"$(inherited)",
					"$(PROJECT_DIR)/DaumMap.embeddedframework",
					"$(PROJECT_DIR)/05API/DaumMap.embeddedframework",
				);
				GENERATE_INFOPLIST_FILE = YES;
				INFOPLIST_FILE = 05API/Info.plist;
				INFOPLIST_KEY_UIApplicationSupportsIndirectInputEvents = YES;
				INFOPLIST_KEY_UILaunchStoryboardName = LaunchScreen;
				INFOPLIST_KEY_UIMainStoryboardFile = Main;
				INFOPLIST_KEY_UISupportedInterfaceOrientations_iPad = "UIInterfaceOrientationPortrait UIInterfaceOrientationPortraitUpsideDown UIInterfaceOrientationLandscapeLeft UIInterfaceOrientationLandscapeRight";
				INFOPLIST_KEY_UISupportedInterfaceOrientations_iPhone = "UIInterfaceOrientationPortrait UIInterfaceOrientationLandscapeLeft UIInterfaceOrientationLandscapeRight";
				LD_RUNPATH_SEARCH_PATHS = (
					"$(inherited)",
					"@executable_path/Frameworks",
				);
				MARKETING_VERSION = 1.0;
				PRODUCT_BUNDLE_IDENTIFIER = "com.yeah.study.-5API";
				PRODUCT_NAME = "$(TARGET_NAME)";
				SWIFT_EMIT_LOC_STRINGS = YES;
				SWIFT_VERSION = 5.0;
				TARGETED_DEVICE_FAMILY = "1,2";
			};
			name = Debug;
		};
		687D876F2951B181000EC86F /* Release */ = {
			isa = XCBuildConfiguration;
			buildSettings = {
				ASSETCATALOG_COMPILER_APPICON_NAME = AppIcon;
				ASSETCATALOG_COMPILER_GLOBAL_ACCENT_COLOR_NAME = AccentColor;
				CODE_SIGN_STYLE = Automatic;
				CURRENT_PROJECT_VERSION = 1;
				DEVELOPMENT_TEAM = Y226Z5N5CW;
				FRAMEWORK_SEARCH_PATHS = (
					"$(inherited)",
					"$(PROJECT_DIR)/DaumMap.embeddedframework",
					"$(PROJECT_DIR)/05API/DaumMap.embeddedframework",
				);
				GENERATE_INFOPLIST_FILE = YES;
				INFOPLIST_FILE = 05API/Info.plist;
				INFOPLIST_KEY_UIApplicationSupportsIndirectInputEvents = YES;
				INFOPLIST_KEY_UILaunchStoryboardName = LaunchScreen;
				INFOPLIST_KEY_UIMainStoryboardFile = Main;
				INFOPLIST_KEY_UISupportedInterfaceOrientations_iPad = "UIInterfaceOrientationPortrait UIInterfaceOrientationPortraitUpsideDown UIInterfaceOrientationLandscapeLeft UIInterfaceOrientationLandscapeRight";
				INFOPLIST_KEY_UISupportedInterfaceOrientations_iPhone = "UIInterfaceOrientationPortrait UIInterfaceOrientationLandscapeLeft UIInterfaceOrientationLandscapeRight";
				LD_RUNPATH_SEARCH_PATHS = (
					"$(inherited)",
					"@executable_path/Frameworks",
				);
				MARKETING_VERSION = 1.0;
				PRODUCT_BUNDLE_IDENTIFIER = "com.yeah.study.-5API";
				PRODUCT_NAME = "$(TARGET_NAME)";
				SWIFT_EMIT_LOC_STRINGS = YES;
				SWIFT_VERSION = 5.0;
				TARGETED_DEVICE_FAMILY = "1,2";
			};
			name = Release;
		};
/* End XCBuildConfiguration section */

/* Begin XCConfigurationList section */
		687D87542951B17F000EC86F /* Build configuration list for PBXProject "05API" */ = {
			isa = XCConfigurationList;
			buildConfigurations = (
				687D876B2951B181000EC86F /* Debug */,
				687D876C2951B181000EC86F /* Release */,
			);
			defaultConfigurationIsVisible = 0;
			defaultConfigurationName = Release;
		};
		687D876D2951B181000EC86F /* Build configuration list for PBXNativeTarget "05API" */ = {
			isa = XCConfigurationList;
			buildConfigurations = (
				687D876E2951B181000EC86F /* Debug */,
				687D876F2951B181000EC86F /* Release */,
			);
			defaultConfigurationIsVisible = 0;
			defaultConfigurationName = Release;
		};
/* End XCConfigurationList section */

/* Begin XCRemoteSwiftPackageReference section */
		687D877A29532149000EC86F /* XCRemoteSwiftPackageReference "Alamofire" */ = {
			isa = XCRemoteSwiftPackageReference;
			repositoryURL = "https://github.com/Alamofire/Alamofire.git";
			requirement = {
				branch = master;
				kind = branch;
			};
		};
/* End XCRemoteSwiftPackageReference section */

/* Begin XCSwiftPackageProductDependency section */
		687D877B29532149000EC86F /* Alamofire */ = {
			isa = XCSwiftPackageProductDependency;
			package = 687D877A29532149000EC86F /* XCRemoteSwiftPackageReference "Alamofire" */;
			productName = Alamofire;
		};
/* End XCSwiftPackageProductDependency section */
	};
	rootObject = 687D87512951B17F000EC86F /* Project object */;
}
